
Microsoft Visual Studio Solution File, Format Version 12.00
# Visual Studio Version 17
VisualStudioVersion = 17.5.33502.453
MinimumVisualStudioVersion = 10.0.40219.1
Project("{FAE04EC0-301F-11D3-BF4B-00C04F79EFBC}") = "FiguresLib", "FiguresLib\FiguresLib.csproj", "{2DC6E3CC-7BC8-4F54-8426-49FE918FA93E}"
EndProject
Project("{FAE04EC0-301F-11D3-BF4B-00C04F79EFBC}") = "FugureLib.Tests", "FugureLib.Tests\FugureLib.Tests.csproj", "{58BBC1FF-4381-4045-A105-B8211B43FCA8}"
EndProject
Global
	GlobalSection(SolutionConfigurationPlatforms) = preSolution
		Debug|Any CPU = Debug|Any CPU
		Release|Any CPU = Release|Any CPU
	EndGlobalSection
	GlobalSection(ProjectConfigurationPlatforms) = postSolution
		{2DC6E3CC-7BC8-4F54-8426-49FE918FA93E}.Debug|Any CPU.ActiveCfg = Debug|Any CPU
		{2DC6E3CC-7BC8-4F54-8426-49FE918FA93E}.Debug|Any CPU.Build.0 = Debug|Any CPU
		{2DC6E3CC-7BC8-4F54-8426-49FE918FA93E}.Release|Any CPU.ActiveCfg = Release|Any CPU
		{2DC6E3CC-7BC8-4F54-8426-49FE918FA93E}.Release|Any CPU.Build.0 = Release|Any CPU
		{58BBC1FF-4381-4045-A105-B8211B43FCA8}.Debug|Any CPU.ActiveCfg = Debug|Any CPU
		{58BBC1FF-4381-4045-A105-B8211B43FCA8}.Debug|Any CPU.Build.0 = Debug|Any CPU
		{58BBC1FF-4381-4045-A105-B8211B43FCA8}.Release|Any CPU.ActiveCfg = Release|Any CPU
		{58BBC1FF-4381-4045-A105-B8211B43FCA8}.Release|Any CPU.Build.0 = Release|Any CPU
	EndGlobalSection
	GlobalSection(SolutionProperties) = preSolution
		HideSolutionNode = FALSE
	EndGlobalSection
	GlobalSection(ExtensibilityGlobals) = postSolution
		SolutionGuid = {BBA19F6C-17BD-42E8-82CE-C4FBC7CC898D}
	EndGlobalSection
EndGlobal
